
Microsoft Visual Studio Solution File, Format Version 12.00
# Visual Studio Version 16
VisualStudioVersion = 16.0.28729.10
MinimumVisualStudioVersion = 10.0.40219.1
Project("{9A19103F-16F7-4668-BE54-9A1E7A4F7556}") = "Nfield.Quota", "Nfield.Quota\Nfield.Quota.csproj", "{E13203D0-10C1-468E-87CD-637FC730D66A}"
EndProject
Project("{9A19103F-16F7-4668-BE54-9A1E7A4F7556}") = "Nfield.Quota.Tests", "Nfield.Quota.Tests\Nfield.Quota.Tests.csproj", "{B9FBED05-55CD-44D2-BA38-AD6A420263F8}"
EndProject
Project("{2150E333-8FDC-42A3-9474-1A3956D46DE8}") = "CI", "CI", "{1050C460-9431-42AF-A022-176D847ACA25}"
	ProjectSection(SolutionItems) = preProject
		devops.yml = devops.yml
		prerelease.ps1 = prerelease.ps1
	EndProjectSection
EndProject
Project("{2150E333-8FDC-42A3-9474-1A3956D46DE8}") = "Solution Items", "Solution Items", "{CA0ED88A-A281-48B5-BC9C-85399B0E3D1B}"
	ProjectSection(SolutionItems) = preProject
		CodeAnalysis\NipoSoftware.DefaultProjectRules.targets = CodeAnalysis\NipoSoftware.DefaultProjectRules.targets
		CodeAnalysis\Standard rules for NIPO Software.ruleset = CodeAnalysis\Standard rules for NIPO Software.ruleset
	EndProjectSection
EndProject
Global
	GlobalSection(SolutionConfigurationPlatforms) = preSolution
		Debug|Any CPU = Debug|Any CPU
		Release|Any CPU = Release|Any CPU
	EndGlobalSection
	GlobalSection(ProjectConfigurationPlatforms) = postSolution
		{E13203D0-10C1-468E-87CD-637FC730D66A}.Debug|Any CPU.ActiveCfg = Debug|Any CPU
		{E13203D0-10C1-468E-87CD-637FC730D66A}.Debug|Any CPU.Build.0 = Debug|Any CPU
		{E13203D0-10C1-468E-87CD-637FC730D66A}.Release|Any CPU.ActiveCfg = Release|Any CPU
		{E13203D0-10C1-468E-87CD-637FC730D66A}.Release|Any CPU.Build.0 = Release|Any CPU
		{B9FBED05-55CD-44D2-BA38-AD6A420263F8}.Debug|Any CPU.ActiveCfg = Debug|Any CPU
		{B9FBED05-55CD-44D2-BA38-AD6A420263F8}.Debug|Any CPU.Build.0 = Debug|Any CPU
		{B9FBED05-55CD-44D2-BA38-AD6A420263F8}.Release|Any CPU.ActiveCfg = Release|Any CPU
		{B9FBED05-55CD-44D2-BA38-AD6A420263F8}.Release|Any CPU.Build.0 = Release|Any CPU
	EndGlobalSection
	GlobalSection(SolutionProperties) = preSolution
		HideSolutionNode = FALSE
	EndGlobalSection
	GlobalSection(ExtensibilityGlobals) = postSolution
		SolutionGuid = {38706C3C-FBD6-4110-8A19-1BC55F4B0E02}
	EndGlobalSection
EndGlobal
