{
  "version": 1,
  "dependencies": {
    ".NETFramework,Version=v4.6.2": {
      "FluentValidation": {
        "type": "Direct",
        "requested": "[8.1.0, )",
        "resolved": "8.1.0",
        "contentHash": "Wuz15bwxrdsi8R+JCw/B/Phapiy4O/A7jxNFU61176pLR026CuYk8u4ty06y8wki273lh9oABbDIvQ/MH21MWQ==",
        "dependencies": {
          "System.Collections.Concurrent": "4.3.0",
          "System.ComponentModel.Annotations": "4.4.1",
          "System.ComponentModel.Primitives": "4.3.0",
          "System.ValueTuple": "4.5.0"
        }
      },
      "Microsoft.NET.Test.Sdk": {
        "type": "Direct",
        "requested": "[15.5.0, )",
        "resolved": "15.5.0",
        "contentHash": "EBihw2LvWxjTCld8033/2viKuQ/34T0I0Ml6Gp1rYPozUmc391uYktm+0uTaXRan4rV14wez+lvNthF5Lar0sg==",
        "dependencies": {
          "Microsoft.CodeCoverage": "1.0.3",
          "Microsoft.TestPlatform.TestHost": "15.5.0"
        }
      },
      "NUnit": {
        "type": "Direct",
        "requested": "[3.2.1, )",
        "resolved": "3.2.1",
        "contentHash": "OH9Hz/4wxNDSYnawvWxbsMgx1OgiG4utN1h2MgwAkbKsFoOKhdZUz2/PRF9p/3wkba9DwDIkg7yPBkSCLO05pQ=="
      },
      "NUnit3TestAdapter": {
        "type": "Direct",
        "requested": "[3.11.0, )",
        "resolved": "3.11.0",
        "contentHash": "Rrf6YJw1EAZKMwC1vNRHNBeWY+ziPOM6uh50HUaag8AjsVmc36XmdcmfdPsipPzWFsJhE9Js3FTJ93CMkoBpoA=="
      },
      "Microsoft.CodeCoverage": {
        "type": "Transitive",
        "resolved": "1.0.3",
        "contentHash": "CmE+u43TKfA4dLkle2NwArwZ9qAvPDC/8jzTDGIxdAI6+5lU8JKm9wRF8YICz5RMtLe+jzMmPm0/r1Awo6zoiQ=="
      },
      "Microsoft.TestPlatform.TestHost": {
        "type": "Transitive",
        "resolved": "15.5.0",
        "contentHash": "/rpf5pUKAO+44Xc2Ms9jXfgcGA8tLad86QPvgZX9mxwm3+WYRHUHbnSDgmgj0qpuAwQ9vUQM5t5PIa1KO5crKA=="
      },
      "Newtonsoft.Json": {
        "type": "Transitive",
        "resolved": "12.0.1",
        "contentHash": "jmVyoEyk0In8r+AObYQyFKVFm7uSRzE0XSHSbEtBJcZDMV6DqJoyB4FLcHwprPVhAh826so0db3DIKXVnpGoPA=="
      },
      "System.Collections.Concurrent": {
        "type": "Transitive",
        "resolved": "4.3.0",
        "contentHash": "ztl69Xp0Y/UXCL+3v3tEU+lIy+bvjKNUmopn1wep/a291pVPK7dxBd6T7WnlQqRog+d1a/hSsgRsmFnIBKTPLQ=="
      },
      "System.ComponentModel.Annotations": {
        "type": "Transitive",
        "resolved": "4.4.1",
        "contentHash": "/8XSRz3cgSSPEdiV6UFhlfk6/FX9P10MAja4XPCyMCz7/0YTqjtCh4e0jjLYOCJL8jK7O/vhtUjYo1TOSuPngQ=="
      },
      "System.ComponentModel.Primitives": {
        "type": "Transitive",
        "resolved": "4.3.0",
        "contentHash": "j8GUkCpM8V4d4vhLIIoBLGey2Z5bCkMVNjEZseyAlm4n5arcsJOeI3zkUP+zvZgzsbLTYh4lYeP/ZD/gdIAPrw=="
      },
      "System.ValueTuple": {
        "type": "Transitive",
        "resolved": "4.5.0",
        "contentHash": "+gDrtQRdEsUSdPZEEcVRmBvs6xJmqGBqRzEGMQm5XqHxWTkZe/PSuomdth5ZPcOb/Oh2kIu6NChoI1JQk649jg=="
      },
      "Nfield.Quota": {
        "type": "Project",
        "dependencies": {
          "FluentValidation": "8.1.0",
          "Newtonsoft.Json": "12.0.1"
        }
      }
    }
  }
}